
Microsoft Visual Studio Solution File, Format Version 12.00
# Visual Studio Version 17
VisualStudioVersion = 17.3.32811.315
MinimumVisualStudioVersion = 10.0.40219.1
Project("{FAE04EC0-301F-11D3-BF4B-00C04F79EFBC}") = "Estacionamento", "Estacionamento\Estacionamento.csproj", "{359C5595-2D9C-40B1-9018-18B522414F9D}"
EndProject
Global
	GlobalSection(SolutionConfigurationPlatforms) = preSolution
		Debug|Any CPU = Debug|Any CPU
		Release|Any CPU = Release|Any CPU
	EndGlobalSection
	GlobalSection(ProjectConfigurationPlatforms) = postSolution
		{359C5595-2D9C-40B1-9018-18B522414F9D}.Debug|Any CPU.ActiveCfg = Debug|Any CPU
		{359C5595-2D9C-40B1-9018-18B522414F9D}.Debug|Any CPU.Build.0 = Debug|Any CPU
		{359C5595-2D9C-40B1-9018-18B522414F9D}.Release|Any CPU.ActiveCfg = Release|Any CPU
		{359C5595-2D9C-40B1-9018-18B522414F9D}.Release|Any CPU.Build.0 = Release|Any CPU
	EndGlobalSection
	GlobalSection(SolutionProperties) = preSolution
		HideSolutionNode = FALSE
	EndGlobalSection
	GlobalSection(ExtensibilityGlobals) = postSolution
		SolutionGuid = {F9A57B10-9F04-461B-A791-A0588A0193D5}
	EndGlobalSection
EndGlobal
